
Microsoft Visual Studio Solution File, Format Version 12.00
# Visual Studio Version 16
VisualStudioVersion = 16.0.32002.261
MinimumVisualStudioVersion = 10.0.40219.1
Project("{FAE04EC0-301F-11D3-BF4B-00C04F79EFBC}") = "Backend", "Backend\Backend.csproj", "{2A708292-6A0D-42ED-A297-21EF90B537E0}"
EndProject
Global
	GlobalSection(SolutionConfigurationPlatforms) = preSolution
		Debug|Any CPU = Debug|Any CPU
		Release|Any CPU = Release|Any CPU
	EndGlobalSection
	GlobalSection(ProjectConfigurationPlatforms) = postSolution
		{2A708292-6A0D-42ED-A297-21EF90B537E0}.Debug|Any CPU.ActiveCfg = Debug|Any CPU
		{2A708292-6A0D-42ED-A297-21EF90B537E0}.Debug|Any CPU.Build.0 = Debug|Any CPU
		{2A708292-6A0D-42ED-A297-21EF90B537E0}.Release|Any CPU.ActiveCfg = Release|Any CPU
		{2A708292-6A0D-42ED-A297-21EF90B537E0}.Release|Any CPU.Build.0 = Release|Any CPU
	EndGlobalSection
	GlobalSection(SolutionProperties) = preSolution
		HideSolutionNode = FALSE
	EndGlobalSection
	GlobalSection(ExtensibilityGlobals) = postSolution
		SolutionGuid = {E2F02BBB-D9F8-4E2C-9F57-E86555977E2D}
	EndGlobalSection
EndGlobal
